
Microsoft Visual Studio Solution File, Format Version 12.00
# Visual Studio Version 16
VisualStudioVersion = 16.0.29123.88
MinimumVisualStudioVersion = 10.0.40219.1
Project("{FAE04EC0-301F-11D3-BF4B-00C04F79EFBC}") = "employeesAPI", "employeesAPI\employeesAPI.csproj", "{8AD4E298-DCAA-4072-BA6B-296BF2FB986C}"
EndProject
Global
	GlobalSection(SolutionConfigurationPlatforms) = preSolution
		Debug|Any CPU = Debug|Any CPU
		Release|Any CPU = Release|Any CPU
	EndGlobalSection
	GlobalSection(ProjectConfigurationPlatforms) = postSolution
		{8AD4E298-DCAA-4072-BA6B-296BF2FB986C}.Debug|Any CPU.ActiveCfg = Debug|Any CPU
		{8AD4E298-DCAA-4072-BA6B-296BF2FB986C}.Debug|Any CPU.Build.0 = Debug|Any CPU
		{8AD4E298-DCAA-4072-BA6B-296BF2FB986C}.Release|Any CPU.ActiveCfg = Release|Any CPU
		{8AD4E298-DCAA-4072-BA6B-296BF2FB986C}.Release|Any CPU.Build.0 = Release|Any CPU
	EndGlobalSection
	GlobalSection(SolutionProperties) = preSolution
		HideSolutionNode = FALSE
	EndGlobalSection
	GlobalSection(ExtensibilityGlobals) = postSolution
		SolutionGuid = {2B327DBE-F2AC-410C-A830-0920B9160566}
	EndGlobalSection
EndGlobal
